
Microsoft Visual Studio Solution File, Format Version 12.00
# Visual Studio Version 17
VisualStudioVersion = 17.7.34031.279
MinimumVisualStudioVersion = 10.0.40219.1
Project("{FAE04EC0-301F-11D3-BF4B-00C04F79EFBC}") = "ParsingTesting", "ParsingTesting\ParsingTesting.csproj", "{CDACBB5A-0C0E-497C-9C78-63EBACA50718}"
EndProject
Project("{FAE04EC0-301F-11D3-BF4B-00C04F79EFBC}") = "ParsingLibrary", "ParsingLibrary\ParsingLibrary.csproj", "{CF16E6C5-34C3-484B-A660-9FEFC2C49E7F}"
EndProject
Global
	GlobalSection(SolutionConfigurationPlatforms) = preSolution
		Debug|Any CPU = Debug|Any CPU
		Release|Any CPU = Release|Any CPU
	EndGlobalSection
	GlobalSection(ProjectConfigurationPlatforms) = postSolution
		{CDACBB5A-0C0E-497C-9C78-63EBACA50718}.Debug|Any CPU.ActiveCfg = Debug|Any CPU
		{CDACBB5A-0C0E-497C-9C78-63EBACA50718}.Debug|Any CPU.Build.0 = Debug|Any CPU
		{CDACBB5A-0C0E-497C-9C78-63EBACA50718}.Release|Any CPU.ActiveCfg = Release|Any CPU
		{CDACBB5A-0C0E-497C-9C78-63EBACA50718}.Release|Any CPU.Build.0 = Release|Any CPU
		{CF16E6C5-34C3-484B-A660-9FEFC2C49E7F}.Debug|Any CPU.ActiveCfg = Debug|Any CPU
		{CF16E6C5-34C3-484B-A660-9FEFC2C49E7F}.Debug|Any CPU.Build.0 = Debug|Any CPU
		{CF16E6C5-34C3-484B-A660-9FEFC2C49E7F}.Release|Any CPU.ActiveCfg = Release|Any CPU
		{CF16E6C5-34C3-484B-A660-9FEFC2C49E7F}.Release|Any CPU.Build.0 = Release|Any CPU
	EndGlobalSection
	GlobalSection(SolutionProperties) = preSolution
		HideSolutionNode = FALSE
	EndGlobalSection
	GlobalSection(ExtensibilityGlobals) = postSolution
		SolutionGuid = {33A84862-A722-40B9-AC8F-598A661389CF}
	EndGlobalSection
EndGlobal
